
Microsoft Visual Studio Solution File, Format Version 12.00
# Visual Studio Version 17
VisualStudioVersion = 17.9.34622.214
MinimumVisualStudioVersion = 10.0.40219.1
Project("{FAE04EC0-301F-11D3-BF4B-00C04F79EFBC}") = "b1", "b1\b1.csproj", "{8CBD10E9-B9CF-4E0E-9422-A968C1035A01}"
EndProject
Global
	GlobalSection(SolutionConfigurationPlatforms) = preSolution
		Debug|Any CPU = Debug|Any CPU
		Release|Any CPU = Release|Any CPU
	EndGlobalSection
	GlobalSection(ProjectConfigurationPlatforms) = postSolution
		{8CBD10E9-B9CF-4E0E-9422-A968C1035A01}.Debug|Any CPU.ActiveCfg = Debug|Any CPU
		{8CBD10E9-B9CF-4E0E-9422-A968C1035A01}.Debug|Any CPU.Build.0 = Debug|Any CPU
		{8CBD10E9-B9CF-4E0E-9422-A968C1035A01}.Release|Any CPU.ActiveCfg = Release|Any CPU
		{8CBD10E9-B9CF-4E0E-9422-A968C1035A01}.Release|Any CPU.Build.0 = Release|Any CPU
	EndGlobalSection
	GlobalSection(SolutionProperties) = preSolution
		HideSolutionNode = FALSE
	EndGlobalSection
	GlobalSection(ExtensibilityGlobals) = postSolution
		SolutionGuid = {C3527CF9-7E41-4C63-98A6-E34937AE64EB}
	EndGlobalSection
EndGlobal
